
Microsoft Visual Studio Solution File, Format Version 12.00
# Visual Studio Version 16
VisualStudioVersion = 16.0.29806.167
MinimumVisualStudioVersion = 10.0.40219.1
Project("{9A19103F-16F7-4668-BE54-9A1E7A4F7556}") = "MSME", "MSME\MSME.csproj", "{86FAA43B-70B7-4F1E-9004-66DEB22EA49C}"
EndProject
Project("{2150E333-8FDC-42A3-9474-1A3956D46DE8}") = "1.App", "1.App", "{1AB54697-0FF0-4C92-A8A7-0E5D58CEAB80}"
EndProject
Project("{2150E333-8FDC-42A3-9474-1A3956D46DE8}") = "2.Services", "2.Services", "{613663E2-745D-4FDA-BFBB-B3AB4CA47544}"
EndProject
Project("{FAE04EC0-301F-11D3-BF4B-00C04F79EFBC}") = "ViewModels", "ViewModels\ViewModels.csproj", "{F49D1468-18D2-469B-B1F8-E9777E8084C2}"
EndProject
Global
	GlobalSection(SolutionConfigurationPlatforms) = preSolution
		Debug|Any CPU = Debug|Any CPU
		Release|Any CPU = Release|Any CPU
	EndGlobalSection
	GlobalSection(ProjectConfigurationPlatforms) = postSolution
		{86FAA43B-70B7-4F1E-9004-66DEB22EA49C}.Debug|Any CPU.ActiveCfg = Debug|Any CPU
		{86FAA43B-70B7-4F1E-9004-66DEB22EA49C}.Debug|Any CPU.Build.0 = Debug|Any CPU
		{86FAA43B-70B7-4F1E-9004-66DEB22EA49C}.Release|Any CPU.ActiveCfg = Release|Any CPU
		{86FAA43B-70B7-4F1E-9004-66DEB22EA49C}.Release|Any CPU.Build.0 = Release|Any CPU
		{F49D1468-18D2-469B-B1F8-E9777E8084C2}.Debug|Any CPU.ActiveCfg = Debug|Any CPU
		{F49D1468-18D2-469B-B1F8-E9777E8084C2}.Debug|Any CPU.Build.0 = Debug|Any CPU
		{F49D1468-18D2-469B-B1F8-E9777E8084C2}.Release|Any CPU.ActiveCfg = Release|Any CPU
		{F49D1468-18D2-469B-B1F8-E9777E8084C2}.Release|Any CPU.Build.0 = Release|Any CPU
	EndGlobalSection
	GlobalSection(SolutionProperties) = preSolution
		HideSolutionNode = FALSE
	EndGlobalSection
	GlobalSection(NestedProjects) = preSolution
		{86FAA43B-70B7-4F1E-9004-66DEB22EA49C} = {1AB54697-0FF0-4C92-A8A7-0E5D58CEAB80}
		{F49D1468-18D2-469B-B1F8-E9777E8084C2} = {613663E2-745D-4FDA-BFBB-B3AB4CA47544}
	EndGlobalSection
	GlobalSection(ExtensibilityGlobals) = postSolution
		SolutionGuid = {50219036-158B-4BB4-82D4-9655C951F761}
	EndGlobalSection
EndGlobal
